Microsoft Visual Studio Solution File, Format Version 8.00
Project("{FAE04EC0-301F-11D3-BF4B-00C04F79EFBC}") = "TGPlugIn", "TGPlugIn.csproj", "{C185ECFD-FF65-4D23-A8DA-CD720CBE619B}"
	ProjectSection(ProjectDependencies) = postProject
	EndProjectSection
EndProject
Global
	GlobalSection(SolutionConfiguration) = preSolution
		Debug = Debug
		Release = Release
	EndGlobalSection
	GlobalSection(ProjectConfiguration) = postSolution
		{C185ECFD-FF65-4D23-A8DA-CD720CBE619B}.Debug.ActiveCfg = Debug|.NET
		{C185ECFD-FF65-4D23-A8DA-CD720CBE619B}.Debug.Build.0 = Debug|.NET
		{C185ECFD-FF65-4D23-A8DA-CD720CBE619B}.Release.ActiveCfg = Release|.NET
		{C185ECFD-FF65-4D23-A8DA-CD720CBE619B}.Release.Build.0 = Release|.NET
	EndGlobalSection
	GlobalSection(ExtensibilityGlobals) = postSolution
	EndGlobalSection
	GlobalSection(ExtensibilityAddIns) = postSolution
	EndGlobalSection
EndGlobal
